// !$*UTF8*$!
{
	archiveVersion = 1;
	classes = {
	};
	objectVersion = 55;
	objects = {

/* Begin PBXBuildFile section */
		D92469752852B376005DA0AA /* UICollectionViewDiffableDataSource+ViewModel.swift in Sources */ = {isa = PBXBuildFile; fileRef = D92469742852B376005DA0AA /* UICollectionViewDiffableDataSource+ViewModel.swift */; };
		D944FC5B285E4599003EF4A5 /* UserStatistics.swift in Sources */ = {isa = PBXBuildFile; fileRef = D944FC5A285E4599003EF4A5 /* UserStatistics.swift */; };
		D944FC5D285E45D9003EF4A5 /* HabitCount.swift in Sources */ = {isa = PBXBuildFile; fileRef = D944FC5C285E45D9003EF4A5 /* HabitCount.swift */; };
		D948FA7C2854266C00182A1D /* NamedSectionHeaderView.swift in Sources */ = {isa = PBXBuildFile; fileRef = D948FA7B2854266C00182A1D /* NamedSectionHeaderView.swift */; };
		D952C4C52855650E00F1B44B /* HabitStatistics.swift in Sources */ = {isa = PBXBuildFile; fileRef = D952C4C42855650E00F1B44B /* HabitStatistics.swift */; };
		D952C4C72855655700F1B44B /* UserCount.swift in Sources */ = {isa = PBXBuildFile; fileRef = D952C4C62855655700F1B44B /* UserCount.swift */; };
		D9B44880284E9AC400140B46 /* AppDelegate.swift in Sources */ = {isa = PBXBuildFile; fileRef = D9B4487F284E9AC400140B46 /* AppDelegate.swift */; };
		D9B44882284E9AC400140B46 /* SceneDelegate.swift in Sources */ = {isa = PBXBuildFile; fileRef = D9B44881284E9AC400140B46 /* SceneDelegate.swift */; };
		D9B44887284E9AC400140B46 /* Main.storyboard in Resources */ = {isa = PBXBuildFile; fileRef = D9B44885284E9AC400140B46 /* Main.storyboard */; };
		D9B44889284E9AC500140B46 /* Assets.xcassets in Resources */ = {isa = PBXBuildFile; fileRef = D9B44888284E9AC500140B46 /* Assets.xcassets */; };
		D9B4488C284E9AC500140B46 /* LaunchScreen.storyboard in Resources */ = {isa = PBXBuildFile; fileRef = D9B4488A284E9AC500140B46 /* LaunchScreen.storyboard */; };
		D9B44895284EA19200140B46 /* HomeCollectionViewController.swift in Sources */ = {isa = PBXBuildFile; fileRef = D9B44894284EA19200140B46 /* HomeCollectionViewController.swift */; };
		D9B44897284EA19C00140B46 /* UserCollectionViewController.swift in Sources */ = {isa = PBXBuildFile; fileRef = D9B44896284EA19C00140B46 /* UserCollectionViewController.swift */; };
		D9B44899284EA1A800140B46 /* LogHabitCollectionViewController.swift in Sources */ = {isa = PBXBuildFile; fileRef = D9B44898284EA1A800140B46 /* LogHabitCollectionViewController.swift */; };
		D9B4489B284EA1AF00140B46 /* HabitCollectionViewController.swift in Sources */ = {isa = PBXBuildFile; fileRef = D9B4489A284EA1AF00140B46 /* HabitCollectionViewController.swift */; };
		D9B4489D284EA22000140B46 /* HabitDetailViewController.swift in Sources */ = {isa = PBXBuildFile; fileRef = D9B4489C284EA22000140B46 /* HabitDetailViewController.swift */; };
		D9B4489F284EA22B00140B46 /* UserDetailViewController.swift in Sources */ = {isa = PBXBuildFile; fileRef = D9B4489E284EA22B00140B46 /* UserDetailViewController.swift */; };
		D9B448A2284EA4B300140B46 /* User.swift in Sources */ = {isa = PBXBuildFile; fileRef = D9B448A1284EA4B300140B46 /* User.swift */; };
		D9B448A4284EA55000140B46 /* Color.swift in Sources */ = {isa = PBXBuildFile; fileRef = D9B448A3284EA55000140B46 /* Color.swift */; };
		D9B448A6284EB64400140B46 /* Habit.swift in Sources */ = {isa = PBXBuildFile; fileRef = D9B448A5284EB64300140B46 /* Habit.swift */; };
		D9B448A8284EB6BB00140B46 /* Category.swift in Sources */ = {isa = PBXBuildFile; fileRef = D9B448A7284EB6BB00140B46 /* Category.swift */; };
		D9B448AB284EBD4A00140B46 /* APIRequest.swift in Sources */ = {isa = PBXBuildFile; fileRef = D9B448AA284EBD4A00140B46 /* APIRequest.swift */; };
		D9B448AD2850013100140B46 /* APIService.swift in Sources */ = {isa = PBXBuildFile; fileRef = D9B448AC2850013100140B46 /* APIService.swift */; };
		D9B448B028506AED00140B46 /* Settings.swift in Sources */ = {isa = PBXBuildFile; fileRef = D9B448AF28506AED00140B46 /* Settings.swift */; };
/* End PBXBuildFile section */

/* Begin PBXFileReference section */
		D92469742852B376005DA0AA /* UICollectionViewDiffableDataSource+ViewModel.swift */ = {isa = PBXFileReference; lastKnownFileType = sourcecode.swift; path = "UICollectionViewDiffableDataSource+ViewModel.swift"; sourceTree = "<group>"; };
		D944FC5A285E4599003EF4A5 /* UserStatistics.swift */ = {isa = PBXFileReference; lastKnownFileType = sourcecode.swift; path = UserStatistics.swift; sourceTree = "<group>"; };
		D944FC5C285E45D9003EF4A5 /* HabitCount.swift */ = {isa = PBXFileReference; lastKnownFileType = sourcecode.swift; path = HabitCount.swift; sourceTree = "<group>"; };
		D948FA7B2854266C00182A1D /* NamedSectionHeaderView.swift */ = {isa = PBXFileReference; lastKnownFileType = sourcecode.swift; path = NamedSectionHeaderView.swift; sourceTree = "<group>"; };
		D952C4C42855650E00F1B44B /* HabitStatistics.swift */ = {isa = PBXFileReference; lastKnownFileType = sourcecode.swift; path = HabitStatistics.swift; sourceTree = "<group>"; };
		D952C4C62855655700F1B44B /* UserCount.swift */ = {isa = PBXFileReference; lastKnownFileType = sourcecode.swift; path = UserCount.swift; sourceTree = "<group>"; };
		D9B4487C284E9AC400140B46 /* Habits2.app */ = {isa = PBXFileReference; explicitFileType = wrapper.application; includeInIndex = 0; path = Habits2.app; sourceTree = BUILT_PRODUCTS_DIR; };
		D9B4487F284E9AC400140B46 /* AppDelegate.swift */ = {isa = PBXFileReference; lastKnownFileType = sourcecode.swift; path = AppDelegate.swift; sourceTree = "<group>"; };
		D9B44881284E9AC400140B46 /* SceneDelegate.swift */ = {isa = PBXFileReference; lastKnownFileType = sourcecode.swift; path = SceneDelegate.swift; sourceTree = "<group>"; };
		D9B44886284E9AC400140B46 /* Base */ = {isa = PBXFileReference; lastKnownFileType = file.storyboard; name = Base; path = Base.lproj/Main.storyboard; sourceTree = "<group>"; };
		D9B44888284E9AC500140B46 /* Assets.xcassets */ = {isa = PBXFileReference; lastKnownFileType = folder.assetcatalog; path = Assets.xcassets; sourceTree = "<group>"; };
		D9B4488B284E9AC500140B46 /* Base */ = {isa = PBXFileReference; lastKnownFileType = file.storyboard; name = Base; path = Base.lproj/LaunchScreen.storyboard; sourceTree = "<group>"; };
		D9B4488D284E9AC500140B46 /* Info.plist */ = {isa = PBXFileReference; lastKnownFileType = text.plist.xml; path = Info.plist; sourceTree = "<group>"; };
		D9B44894284EA19200140B46 /* HomeCollectionViewController.swift */ = {isa = PBXFileReference; lastKnownFileType = sourcecode.swift; path = HomeCollectionViewController.swift; sourceTree = "<group>"; };
		D9B44896284EA19C00140B46 /* UserCollectionViewController.swift */ = {isa = PBXFileReference; lastKnownFileType = sourcecode.swift; path = UserCollectionViewController.swift; sourceTree = "<group>"; };
		D9B44898284EA1A800140B46 /* LogHabitCollectionViewController.swift */ = {isa = PBXFileReference; lastKnownFileType = sourcecode.swift; path = LogHabitCollectionViewController.swift; sourceTree = "<group>"; };
		D9B4489A284EA1AF00140B46 /* HabitCollectionViewController.swift */ = {isa = PBXFileReference; lastKnownFileType = sourcecode.swift; path = HabitCollectionViewController.swift; sourceTree = "<group>"; };
		D9B4489C284EA22000140B46 /* HabitDetailViewController.swift */ = {isa = PBXFileReference; lastKnownFileType = sourcecode.swift; path = HabitDetailViewController.swift; sourceTree = "<group>"; };
		D9B4489E284EA22B00140B46 /* UserDetailViewController.swift */ = {isa = PBXFileReference; lastKnownFileType = sourcecode.swift; path = UserDetailViewController.swift; sourceTree = "<group>"; };
		D9B448A1284EA4B300140B46 /* User.swift */ = {isa = PBXFileReference; lastKnownFileType = sourcecode.swift; path = User.swift; sourceTree = "<group>"; };
		D9B448A3284EA55000140B46 /* Color.swift */ = {isa = PBXFileReference; lastKnownFileType = sourcecode.swift; path = Color.swift; sourceTree = "<group>"; };
		D9B448A5284EB64300140B46 /* Habit.swift */ = {isa = PBXFileReference; lastKnownFileType = sourcecode.swift; path = Habit.swift; sourceTree = "<group>"; };
		D9B448A7284EB6BB00140B46 /* Category.swift */ = {isa = PBXFileReference; lastKnownFileType = sourcecode.swift; path = Category.swift; sourceTree = "<group>"; };
		D9B448AA284EBD4A00140B46 /* APIRequest.swift */ = {isa = PBXFileReference; lastKnownFileType = sourcecode.swift; path = APIRequest.swift; sourceTree = "<group>"; };
		D9B448AC2850013100140B46 /* APIService.swift */ = {isa = PBXFileReference; lastKnownFileType = sourcecode.swift; path = APIService.swift; sourceTree = "<group>"; };
		D9B448AF28506AED00140B46 /* Settings.swift */ = {isa = PBXFileReference; lastKnownFileType = sourcecode.swift; path = Settings.swift; sourceTree = "<group>"; };
/* End PBXFileReference section */

/* Begin PBXFrameworksBuildPhase section */
		D9B44879284E9AC400140B46 /* Frameworks */ = {
			isa = PBXFrameworksBuildPhase;
			buildActionMask = 2147483647;
			files = (
			);
			runOnlyForDeploymentPostprocessing = 0;
		};
/* End PBXFrameworksBuildPhase section */

/* Begin PBXGroup section */
		D92469732852B354005DA0AA /* Extensions */ = {
			isa = PBXGroup;
			children = (
				D92469742852B376005DA0AA /* UICollectionViewDiffableDataSource+ViewModel.swift */,
			);
			path = Extensions;
			sourceTree = "<group>";
		};
		D948FA7A2854261300182A1D /* Views */ = {
			isa = PBXGroup;
			children = (
				D948FA7B2854266C00182A1D /* NamedSectionHeaderView.swift */,
			);
			path = Views;
			sourceTree = "<group>";
		};
		D9B44873284E9AC400140B46 = {
			isa = PBXGroup;
			children = (
				D9B4487E284E9AC400140B46 /* Habits2 */,
				D9B4487D284E9AC400140B46 /* Products */,
			);
			sourceTree = "<group>";
		};
		D9B4487D284E9AC400140B46 /* Products */ = {
			isa = PBXGroup;
			children = (
				D9B4487C284E9AC400140B46 /* Habits2.app */,
			);
			name = Products;
			sourceTree = "<group>";
		};
		D9B4487E284E9AC400140B46 /* Habits2 */ = {
			isa = PBXGroup;
			children = (
				D948FA7A2854261300182A1D /* Views */,
				D92469732852B354005DA0AA /* Extensions */,
				D9B448AE28506AD600140B46 /* Supporting file */,
				D9B448A9284EBD3C00140B46 /* Networking */,
				D9B448A0284EA4A500140B46 /* Models */,
				D9B44893284EA17100140B46 /* View Controllers */,
				D9B4487F284E9AC400140B46 /* AppDelegate.swift */,
				D9B44881284E9AC400140B46 /* SceneDelegate.swift */,
				D9B44885284E9AC400140B46 /* Main.storyboard */,
				D9B44888284E9AC500140B46 /* Assets.xcassets */,
				D9B4488A284E9AC500140B46 /* LaunchScreen.storyboard */,
				D9B4488D284E9AC500140B46 /* Info.plist */,
			);
			path = Habits2;
			sourceTree = "<group>";
		};
		D9B44893284EA17100140B46 /* View Controllers */ = {
			isa = PBXGroup;
			children = (
				D9B44894284EA19200140B46 /* HomeCollectionViewController.swift */,
				D9B44896284EA19C00140B46 /* UserCollectionViewController.swift */,
				D9B44898284EA1A800140B46 /* LogHabitCollectionViewController.swift */,
				D9B4489A284EA1AF00140B46 /* HabitCollectionViewController.swift */,
				D9B4489C284EA22000140B46 /* HabitDetailViewController.swift */,
				D9B4489E284EA22B00140B46 /* UserDetailViewController.swift */,
			);
			path = "View Controllers";
			sourceTree = "<group>";
		};
		D9B448A0284EA4A500140B46 /* Models */ = {
			isa = PBXGroup;
			children = (
				D9B448A1284EA4B300140B46 /* User.swift */,
				D9B448A3284EA55000140B46 /* Color.swift */,
				D9B448A5284EB64300140B46 /* Habit.swift */,
				D9B448A7284EB6BB00140B46 /* Category.swift */,
				D952C4C42855650E00F1B44B /* HabitStatistics.swift */,
				D952C4C62855655700F1B44B /* UserCount.swift */,
				D944FC5A285E4599003EF4A5 /* UserStatistics.swift */,
				D944FC5C285E45D9003EF4A5 /* HabitCount.swift */,
			);
			path = Models;
			sourceTree = "<group>";
		};
		D9B448A9284EBD3C00140B46 /* Networking */ = {
			isa = PBXGroup;
			children = (
				D9B448AA284EBD4A00140B46 /* APIRequest.swift */,
				D9B448AC2850013100140B46 /* APIService.swift */,
			);
			path = Networking;
			sourceTree = "<group>";
		};
		D9B448AE28506AD600140B46 /* Supporting file */ = {
			isa = PBXGroup;
			children = (
				D9B448AF28506AED00140B46 /* Settings.swift */,
			);
			path = "Supporting file";
			sourceTree = "<group>";
		};
/* End PBXGroup section */

/* Begin PBXNativeTarget section */
		D9B4487B284E9AC400140B46 /* Habits2 */ = {
			isa = PBXNativeTarget;
			buildConfigurationList = D9B44890284E9AC500140B46 /* Build configuration list for PBXNativeTarget "Habits2" */;
			buildPhases = (
				D9B44878284E9AC400140B46 /* Sources */,
				D9B44879284E9AC400140B46 /* Frameworks */,
				D9B4487A284E9AC400140B46 /* Resources */,
			);
			buildRules = (
			);
			dependencies = (
			);
			name = Habits2;
			productName = Habits2;
			productReference = D9B4487C284E9AC400140B46 /* Habits2.app */;
			productType = "com.apple.product-type.application";
		};
/* End PBXNativeTarget section */

/* Begin PBXProject section */
		D9B44874284E9AC400140B46 /* Project object */ = {
			isa = PBXProject;
			attributes = {
				BuildIndependentTargetsInParallel = 1;
				LastSwiftUpdateCheck = 1340;
				LastUpgradeCheck = 1340;
				TargetAttributes = {
					D9B4487B284E9AC400140B46 = {
						CreatedOnToolsVersion = 13.4.1;
					};
				};
			};
			buildConfigurationList = D9B44877284E9AC400140B46 /* Build configuration list for PBXProject "Habits2" */;
			compatibilityVersion = "Xcode 13.0";
			developmentRegion = en;
			hasScannedForEncodings = 0;
			knownRegions = (
				en,
				Base,
			);
			mainGroup = D9B44873284E9AC400140B46;
			productRefGroup = D9B4487D284E9AC400140B46 /* Products */;
			projectDirPath = "";
			projectRoot = "";
			targets = (
				D9B4487B284E9AC400140B46 /* Habits2 */,
			);
		};
/* End PBXProject section */

/* Begin PBXResourcesBuildPhase section */
		D9B4487A284E9AC400140B46 /* Resources */ = {
			isa = PBXResourcesBuildPhase;
			buildActionMask = 2147483647;
			files = (
				D9B4488C284E9AC500140B46 /* LaunchScreen.storyboard in Resources */,
				D9B44889284E9AC500140B46 /* Assets.xcassets in Resources */,
				D9B44887284E9AC400140B46 /* Main.storyboard in Resources */,
			);
			runOnlyForDeploymentPostprocessing = 0;
		};
/* End PBXResourcesBuildPhase section */

/* Begin PBXSourcesBuildPhase section */
		D9B44878284E9AC400140B46 /* Sources */ = {
			isa = PBXSourcesBuildPhase;
			buildActionMask = 2147483647;
			files = (
				D952C4C72855655700F1B44B /* UserCount.swift in Sources */,
				D9B44895284EA19200140B46 /* HomeCollectionViewController.swift in Sources */,
				D92469752852B376005DA0AA /* UICollectionViewDiffableDataSource+ViewModel.swift in Sources */,
				D948FA7C2854266C00182A1D /* NamedSectionHeaderView.swift in Sources */,
				D9B448A6284EB64400140B46 /* Habit.swift in Sources */,
				D9B448AB284EBD4A00140B46 /* APIRequest.swift in Sources */,
				D9B44880284E9AC400140B46 /* AppDelegate.swift in Sources */,
				D9B4489F284EA22B00140B46 /* UserDetailViewController.swift in Sources */,
				D9B448A4284EA55000140B46 /* Color.swift in Sources */,
				D944FC5B285E4599003EF4A5 /* UserStatistics.swift in Sources */,
				D9B44882284E9AC400140B46 /* SceneDelegate.swift in Sources */,
				D9B44897284EA19C00140B46 /* UserCollectionViewController.swift in Sources */,
				D9B448AD2850013100140B46 /* APIService.swift in Sources */,
				D952C4C52855650E00F1B44B /* HabitStatistics.swift in Sources */,
				D944FC5D285E45D9003EF4A5 /* HabitCount.swift in Sources */,
				D9B448B028506AED00140B46 /* Settings.swift in Sources */,
				D9B448A2284EA4B300140B46 /* User.swift in Sources */,
				D9B44899284EA1A800140B46 /* LogHabitCollectionViewController.swift in Sources */,
				D9B4489D284EA22000140B46 /* HabitDetailViewController.swift in Sources */,
				D9B4489B284EA1AF00140B46 /* HabitCollectionViewController.swift in Sources */,
				D9B448A8284EB6BB00140B46 /* Category.swift in Sources */,
			);
			runOnlyForDeploymentPostprocessing = 0;
		};
/* End PBXSourcesBuildPhase section */

/* Begin PBXVariantGroup section */
		D9B44885284E9AC400140B46 /* Main.storyboard */ = {
			isa = PBXVariantGroup;
			children = (
				D9B44886284E9AC400140B46 /* Base */,
			);
			name = Main.storyboard;
			sourceTree = "<group>";
		};
		D9B4488A284E9AC500140B46 /* LaunchScreen.storyboard */ = {
			isa = PBXVariantGroup;
			children = (
				D9B4488B284E9AC500140B46 /* Base */,
			);
			name = LaunchScreen.storyboard;
			sourceTree = "<group>";
		};
/* End PBXVariantGroup section */

/* Begin XCBuildConfiguration section */
		D9B4488E284E9AC500140B46 /* Debug */ = {
			isa = XCBuildConfiguration;
			buildSettings = {
				ALWAYS_SEARCH_USER_PATHS = NO;
				CLANG_ANALYZER_NONNULL = YES;
				CLANG_ANALYZER_NUMBER_OBJECT_CONVERSION = YES_AGGRESSIVE;
				CLANG_CXX_LANGUAGE_STANDARD = "gnu++17";
				CLANG_ENABLE_MODULES = YES;
				CLANG_ENABLE_OBJC_ARC = YES;
				CLANG_ENABLE_OBJC_WEAK = YES;
				CLANG_WARN_BLOCK_CAPTURE_AUTORELEASING = YES;
				CLANG_WARN_BOOL_CONVERSION = YES;
				CLANG_WARN_COMMA = YES;
				CLANG_WARN_CONSTANT_CONVERSION = YES;
				CLANG_WARN_DEPRECATED_OBJC_IMPLEMENTATIONS = YES;
				CLANG_WARN_DIRECT_OBJC_ISA_USAGE = YES_ERROR;
				CLANG_WARN_DOCUMENTATION_COMMENTS = YES;
				CLANG_WARN_EMPTY_BODY = YES;
				CLANG_WARN_ENUM_CONVERSION = YES;
				CLANG_WARN_INFINITE_RECURSION = YES;
				CLANG_WARN_INT_CONVERSION = YES;
				CLANG_WARN_NON_LITERAL_NULL_CONVERSION = YES;
				CLANG_WARN_OBJC_IMPLICIT_RETAIN_SELF = YES;
				CLANG_WARN_OBJC_LITERAL_CONVERSION = YES;
				CLANG_WARN_OBJC_ROOT_CLASS = YES_ERROR;
				CLANG_WARN_QUOTED_INCLUDE_IN_FRAMEWORK_HEADER = YES;
				CLANG_WARN_RANGE_LOOP_ANALYSIS = YES;
				CLANG_WARN_STRICT_PROTOTYPES = YES;
				CLANG_WARN_SUSPICIOUS_MOVE = YES;
				CLANG_WARN_UNGUARDED_AVAILABILITY = YES_AGGRESSIVE;
				CLANG_WARN_UNREACHABLE_CODE = YES;
				CLANG_WARN__DUPLICATE_METHOD_MATCH = YES;
				COPY_PHASE_STRIP = NO;
				DEBUG_INFORMATION_FORMAT = dwarf;
				ENABLE_STRICT_OBJC_MSGSEND = YES;
				ENABLE_TESTABILITY = YES;
				GCC_C_LANGUAGE_STANDARD = gnu11;
				GCC_DYNAMIC_NO_PIC = NO;
				GCC_NO_COMMON_BLOCKS = YES;
				GCC_OPTIMIZATION_LEVEL = 0;
				GCC_PREPROCESSOR_DEFINITIONS = (
					"DEBUG=1",
					"$(inherited)",
				);
				GCC_WARN_64_TO_32_BIT_CONVERSION = YES;
				GCC_WARN_ABOUT_RETURN_TYPE = YES_ERROR;
				GCC_WARN_UNDECLARED_SELECTOR = YES;
				GCC_WARN_UNINITIALIZED_AUTOS = YES_AGGRESSIVE;
				GCC_WARN_UNUSED_FUNCTION = YES;
				GCC_WARN_UNUSED_VARIABLE = YES;
				IPHONEOS_DEPLOYMENT_TARGET = 15.5;
				MTL_ENABLE_DEBUG_INFO = INCLUDE_SOURCE;
				MTL_FAST_MATH = YES;
				ONLY_ACTIVE_ARCH = YES;
				SDKROOT = iphoneos;
				SWIFT_ACTIVE_COMPILATION_CONDITIONS = DEBUG;
				SWIFT_OPTIMIZATION_LEVEL = "-Onone";
			};
			name = Debug;
		};
		D9B4488F284E9AC500140B46 /* Release */ = {
			isa = XCBuildConfiguration;
			buildSettings = {
				ALWAYS_SEARCH_USER_PATHS = NO;
				CLANG_ANALYZER_NONNULL = YES;
				CLANG_ANALYZER_NUMBER_OBJECT_CONVERSION = YES_AGGRESSIVE;
				CLANG_CXX_LANGUAGE_STANDARD = "gnu++17";
				CLANG_ENABLE_MODULES = YES;
				CLANG_ENABLE_OBJC_ARC = YES;
				CLANG_ENABLE_OBJC_WEAK = YES;
				CLANG_WARN_BLOCK_CAPTURE_AUTORELEASING = YES;
				CLANG_WARN_BOOL_CONVERSION = YES;
				CLANG_WARN_COMMA = YES;
				CLANG_WARN_CONSTANT_CONVERSION = YES;
				CLANG_WARN_DEPRECATED_OBJC_IMPLEMENTATIONS = YES;
				CLANG_WARN_DIRECT_OBJC_ISA_USAGE = YES_ERROR;
				CLANG_WARN_DOCUMENTATION_COMMENTS = YES;
				CLANG_WARN_EMPTY_BODY = YES;
				CLANG_WARN_ENUM_CONVERSION = YES;
				CLANG_WARN_INFINITE_RECURSION = YES;
				CLANG_WARN_INT_CONVERSION = YES;
				CLANG_WARN_NON_LITERAL_NULL_CONVERSION = YES;
				CLANG_WARN_OBJC_IMPLICIT_RETAIN_SELF = YES;
				CLANG_WARN_OBJC_LITERAL_CONVERSION = YES;
				CLANG_WARN_OBJC_ROOT_CLASS = YES_ERROR;
				CLANG_WARN_QUOTED_INCLUDE_IN_FRAMEWORK_HEADER = YES;
				CLANG_WARN_RANGE_LOOP_ANALYSIS = YES;
				CLANG_WARN_STRICT_PROTOTYPES = YES;
				CLANG_WARN_SUSPICIOUS_MOVE = YES;
				CLANG_WARN_UNGUARDED_AVAILABILITY = YES_AGGRESSIVE;
				CLANG_WARN_UNREACHABLE_CODE = YES;
				CLANG_WARN__DUPLICATE_METHOD_MATCH = YES;
				COPY_PHASE_STRIP = NO;
				DEBUG_INFORMATION_FORMAT = "dwarf-with-dsym";
				ENABLE_NS_ASSERTIONS = NO;
				ENABLE_STRICT_OBJC_MSGSEND = YES;
				GCC_C_LANGUAGE_STANDARD = gnu11;
				GCC_NO_COMMON_BLOCKS = YES;
				GCC_WARN_64_TO_32_BIT_CONVERSION = YES;
				GCC_WARN_ABOUT_RETURN_TYPE = YES_ERROR;
				GCC_WARN_UNDECLARED_SELECTOR = YES;
				GCC_WARN_UNINITIALIZED_AUTOS = YES_AGGRESSIVE;
				GCC_WARN_UNUSED_FUNCTION = YES;
				GCC_WARN_UNUSED_VARIABLE = YES;
				IPHONEOS_DEPLOYMENT_TARGET = 15.5;
				MTL_ENABLE_DEBUG_INFO = NO;
				MTL_FAST_MATH = YES;
				SDKROOT = iphoneos;
				SWIFT_COMPILATION_MODE = wholemodule;
				SWIFT_OPTIMIZATION_LEVEL = "-O";
				VALIDATE_PRODUCT = YES;
			};
			name = Release;
		};
		D9B44891284E9AC500140B46 /* Debug */ = {
			isa = XCBuildConfiguration;
			buildSettings = {
				ASSETCATALOG_COMPILER_APPICON_NAME = AppIcon;
				ASSETCATALOG_COMPILER_GLOBAL_ACCENT_COLOR_NAME = AccentColor;
				CODE_SIGN_STYLE = Automatic;
				CURRENT_PROJECT_VERSION = 1;
				DEVELOPMENT_TEAM = S4P7C76N9C;
				GENERATE_INFOPLIST_FILE = YES;
				INFOPLIST_FILE = Habits2/Info.plist;
				INFOPLIST_KEY_UIApplicationSupportsIndirectInputEvents = YES;
				INFOPLIST_KEY_UILaunchStoryboardName = LaunchScreen;
				INFOPLIST_KEY_UIMainStoryboardFile = Main;
				INFOPLIST_KEY_UISupportedInterfaceOrientations_iPad = "UIInterfaceOrientationPortrait UIInterfaceOrientationPortraitUpsideDown UIInterfaceOrientationLandscapeLeft UIInterfaceOrientationLandscapeRight";
				INFOPLIST_KEY_UISupportedInterfaceOrientations_iPhone = "UIInterfaceOrientationPortrait UIInterfaceOrientationLandscapeLeft UIInterfaceOrientationLandscapeRight";
				LD_RUNPATH_SEARCH_PATHS = (
					"$(inherited)",
					"@executable_path/Frameworks",
				);
				MARKETING_VERSION = 1.0;
				PRODUCT_BUNDLE_IDENTIFIER = com.example.Habits2;
				PRODUCT_NAME = "$(TARGET_NAME)";
				SWIFT_EMIT_LOC_STRINGS = YES;
				SWIFT_VERSION = 5.0;
				TARGETED_DEVICE_FAMILY = "1,2";
			};
			name = Debug;
		};
		D9B44892284E9AC500140B46 /* Release */ = {
			isa = XCBuildConfiguration;
			buildSettings = {
				ASSETCATALOG_COMPILER_APPICON_NAME = AppIcon;
				ASSETCATALOG_COMPILER_GLOBAL_ACCENT_COLOR_NAME = AccentColor;
				CODE_SIGN_STYLE = Automatic;
				CURRENT_PROJECT_VERSION = 1;
				DEVELOPMENT_TEAM = S4P7C76N9C;
				GENERATE_INFOPLIST_FILE = YES;
				INFOPLIST_FILE = Habits2/Info.plist;
				INFOPLIST_KEY_UIApplicationSupportsIndirectInputEvents = YES;
				INFOPLIST_KEY_UILaunchStoryboardName = LaunchScreen;
				INFOPLIST_KEY_UIMainStoryboardFile = Main;
				INFOPLIST_KEY_UISupportedInterfaceOrientations_iPad = "UIInterfaceOrientationPortrait UIInterfaceOrientationPortraitUpsideDown UIInterfaceOrientationLandscapeLeft UIInterfaceOrientationLandscapeRight";
				INFOPLIST_KEY_UISupportedInterfaceOrientations_iPhone = "UIInterfaceOrientationPortrait UIInterfaceOrientationLandscapeLeft UIInterfaceOrientationLandscapeRight";
				LD_RUNPATH_SEARCH_PATHS = (
					"$(inherited)",
					"@executable_path/Frameworks",
				);
				MARKETING_VERSION = 1.0;
				PRODUCT_BUNDLE_IDENTIFIER = com.example.Habits2;
				PRODUCT_NAME = "$(TARGET_NAME)";
				SWIFT_EMIT_LOC_STRINGS = YES;
				SWIFT_VERSION = 5.0;
				TARGETED_DEVICE_FAMILY = "1,2";
			};
			name = Release;
		};
/* End XCBuildConfiguration section */

/* Begin XCConfigurationList section */
		D9B44877284E9AC400140B46 /* Build configuration list for PBXProject "Habits2" */ = {
			isa = XCConfigurationList;
			buildConfigurations = (
				D9B4488E284E9AC500140B46 /* Debug */,
				D9B4488F284E9AC500140B46 /* Release */,
			);
			defaultConfigurationIsVisible = 0;
			defaultConfigurationName = Release;
		};
		D9B44890284E9AC500140B46 /* Build configuration list for PBXNativeTarget "Habits2" */ = {
			isa = XCConfigurationList;
			buildConfigurations = (
				D9B44891284E9AC500140B46 /* Debug */,
				D9B44892284E9AC500140B46 /* Release */,
			);
			defaultConfigurationIsVisible = 0;
			defaultConfigurationName = Release;
		};
/* End XCConfigurationList section */
	};
	rootObject = D9B44874284E9AC400140B46 /* Project object */;
}
